# THIS IS AN AUTOGENERATED FILE. DO NOT EDIT THIS FILE DIRECTLY.
# yarn lockfile v1


"@esbuild/linux-x64@0.20.2":
  version "0.20.2"
  resolved "https://registry.npmjs.org/@esbuild/linux-x64/-/linux-x64-0.20.2.tgz"
  integrity sha512-1MdwI6OOTsfQfek8sLwgyjOXAu+wKhLEoaOLTjbijk6E2WONYpH9ZU2mNtR+lZ2B4uwr+usqGuVfFT9tMtGvGw==

"@rollup/rollup-linux-x64-gnu@4.13.2":
  version "4.13.2"
  resolved "https://registry.npmjs.org/@rollup/rollup-linux-x64-gnu/-/rollup-linux-x64-gnu-4.13.2.tgz"
  integrity sha512-xXMLUAMzrtsvh3cZ448vbXqlUa7ZL8z0MwHp63K2IIID2+DeP5iWIT6g1SN7hg1VxPzqx0xZdiDM9l4n9LRU1A==

"@rollup/rollup-linux-x64-musl@4.13.2":
  version "4.13.2"
  resolved "https://registry.npmjs.org/@rollup/rollup-linux-x64-musl/-/rollup-linux-x64-musl-4.13.2.tgz"
  integrity sha512-M/JYAWickafUijWPai4ehrjzVPKRCyDb1SLuO+ZyPfoXgeCEAlgPkNXewFZx0zcnoIe3ay4UjXIMdXQXOZXWqA==

"@tauri-apps/api@^1":
  version "1.5.3"
  resolved "https://registry.npmjs.org/@tauri-apps/api/-/api-1.5.3.tgz"
  integrity sha512-zxnDjHHKjOsrIzZm6nO5Xapb/BxqUq1tc7cGkFXsFkGTsSWgCPH1D8mm0XS9weJY2OaR73I3k3S+b7eSzJDfqA==

"@tauri-apps/cli-linux-x64-gnu@1.5.11":
  version "1.5.11"
  resolved "https://registry.npmjs.org/@tauri-apps/cli-linux-x64-gnu/-/cli-linux-x64-gnu-1.5.11.tgz"
  integrity sha512-MTVXLi89Nj7Apcvjezw92m7ZqIDKT5SFKZtVPCg6RoLUBTzko/BQoXYIRWmdoz2pgkHDUHgO2OMJ8oKzzddXbw==

"@tauri-apps/cli-linux-x64-musl@1.5.11":
  version "1.5.11"
  resolved "https://registry.npmjs.org/@tauri-apps/cli-linux-x64-musl/-/cli-linux-x64-musl-1.5.11.tgz"
  integrity sha512-kwzAjqFpz7rvTs7WGZLy/a5nS5t15QKr3E9FG95MNF0exTl3d29YoAUAe1Mn0mOSrTJ9Z+vYYAcI/QdcsGBP+w==

"@tauri-apps/cli@^1":
  version "1.5.11"
  resolved "https://registry.npmjs.org/@tauri-apps/cli/-/cli-1.5.11.tgz"
  integrity sha512-B475D7phZrq5sZ3kDABH4g2mEoUIHtnIO+r4ZGAAfsjMbZCwXxR/jlMGTEL+VO3YzjpF7gQe38IzB4vLBbVppw==
  optionalDependencies:
    "@tauri-apps/cli-darwin-arm64" "1.5.11"
    "@tauri-apps/cli-darwin-x64" "1.5.11"
    "@tauri-apps/cli-linux-arm-gnueabihf" "1.5.11"
    "@tauri-apps/cli-linux-arm64-gnu" "1.5.11"
    "@tauri-apps/cli-linux-arm64-musl" "1.5.11"
    "@tauri-apps/cli-linux-x64-gnu" "1.5.11"
    "@tauri-apps/cli-linux-x64-musl" "1.5.11"
    "@tauri-apps/cli-win32-arm64-msvc" "1.5.11"
    "@tauri-apps/cli-win32-ia32-msvc" "1.5.11"
    "@tauri-apps/cli-win32-x64-msvc" "1.5.11"

"@types/estree@1.0.5":
  version "1.0.5"
  resolved "https://registry.npmjs.org/@types/estree/-/estree-1.0.5.tgz"
  integrity sha512-/kYRxGDLWzHOB7q+wtSUQlFrtcdUccpfy+X+9iMBpHK8QLLhx2wIPYuS5DYtR9Wa/YlZAbIovy7qVdB1Aq6Lyw==

esbuild@^0.20.1:
  version "0.20.2"
  resolved "https://registry.npmjs.org/esbuild/-/esbuild-0.20.2.tgz"
  integrity sha512-WdOOppmUNU+IbZ0PaDiTst80zjnrOkyJNHoKupIcVyU8Lvla3Ugx94VzkQ32Ijqd7UhHJy75gNWDMUekcrSJ6g==
  optionalDependencies:
    "@esbuild/aix-ppc64" "0.20.2"
    "@esbuild/android-arm" "0.20.2"
    "@esbuild/android-arm64" "0.20.2"
    "@esbuild/android-x64" "0.20.2"
    "@esbuild/darwin-arm64" "0.20.2"
    "@esbuild/darwin-x64" "0.20.2"
    "@esbuild/freebsd-arm64" "0.20.2"
    "@esbuild/freebsd-x64" "0.20.2"
    "@esbuild/linux-arm" "0.20.2"
    "@esbuild/linux-arm64" "0.20.2"
    "@esbuild/linux-ia32" "0.20.2"
    "@esbuild/linux-loong64" "0.20.2"
    "@esbuild/linux-mips64el" "0.20.2"
    "@esbuild/linux-ppc64" "0.20.2"
    "@esbuild/linux-riscv64" "0.20.2"
    "@esbuild/linux-s390x" "0.20.2"
    "@esbuild/linux-x64" "0.20.2"
    "@esbuild/netbsd-x64" "0.20.2"
    "@esbuild/openbsd-x64" "0.20.2"
    "@esbuild/sunos-x64" "0.20.2"
    "@esbuild/win32-arm64" "0.20.2"
    "@esbuild/win32-ia32" "0.20.2"
    "@esbuild/win32-x64" "0.20.2"

nanoid@^3.3.7:
  version "3.3.7"
  resolved "https://registry.npmjs.org/nanoid/-/nanoid-3.3.7.tgz"
  integrity sha512-eSRppjcPIatRIMC1U6UngP8XFcz8MQWGQdt1MTBQ7NaAmvXDfvNxbvWV3x2y6CdEUciCSsDHDQZbhYaB8QEo2g==

picocolors@^1.0.0:
  version "1.0.0"
  resolved "https://registry.npmjs.org/picocolors/-/picocolors-1.0.0.tgz"
  integrity sha512-1fygroTLlHu66zi26VoTDv8yRgm0Fccecssto+MhsZ0D/DGW2sm8E8AjW7NU5VVTRt5GxbeZ5qBuJr+HyLYkjQ==

postcss@^8.4.38:
  version "8.4.38"
  resolved "https://registry.npmjs.org/postcss/-/postcss-8.4.38.tgz"
  integrity sha512-Wglpdk03BSfXkHoQa3b/oulrotAkwrlLDRSOb9D0bN86FdRyE9lppSp33aHNPgBa0JKCoB+drFLZkQoRRYae5A==
  dependencies:
    nanoid "^3.3.7"
    picocolors "^1.0.0"
    source-map-js "^1.2.0"

rollup@^4.13.0:
  version "4.13.2"
  resolved "https://registry.npmjs.org/rollup/-/rollup-4.13.2.tgz"
  integrity sha512-MIlLgsdMprDBXC+4hsPgzWUasLO9CE4zOkj/u6j+Z6j5A4zRY+CtiXAdJyPtgCsc42g658Aeh1DlrdVEJhsL2g==
  dependencies:
    "@types/estree" "1.0.5"
  optionalDependencies:
    "@rollup/rollup-android-arm-eabi" "4.13.2"
    "@rollup/rollup-android-arm64" "4.13.2"
    "@rollup/rollup-darwin-arm64" "4.13.2"
    "@rollup/rollup-darwin-x64" "4.13.2"
    "@rollup/rollup-linux-arm-gnueabihf" "4.13.2"
    "@rollup/rollup-linux-arm64-gnu" "4.13.2"
    "@rollup/rollup-linux-arm64-musl" "4.13.2"
    "@rollup/rollup-linux-powerpc64le-gnu" "4.13.2"
    "@rollup/rollup-linux-riscv64-gnu" "4.13.2"
    "@rollup/rollup-linux-s390x-gnu" "4.13.2"
    "@rollup/rollup-linux-x64-gnu" "4.13.2"
    "@rollup/rollup-linux-x64-musl" "4.13.2"
    "@rollup/rollup-win32-arm64-msvc" "4.13.2"
    "@rollup/rollup-win32-ia32-msvc" "4.13.2"
    "@rollup/rollup-win32-x64-msvc" "4.13.2"
    fsevents "~2.3.2"

source-map-js@^1.2.0:
  version "1.2.0"
  resolved "https://registry.npmjs.org/source-map-js/-/source-map-js-1.2.0.tgz"
  integrity sha512-itJW8lvSA0TXEphiRoawsCksnlf8SyvmFzIhltqAHluXd88pkCd+cXJVHTDwdCr0IzwptSm035IHQktUu1QUMg==

typescript@^5.0.2:
  version "5.4.3"
  resolved "https://registry.npmjs.org/typescript/-/typescript-5.4.3.tgz"
  integrity sha512-KrPd3PKaCLr78MalgiwJnA25Nm8HAmdwN3mYUYZgG/wizIo9EainNVQI9/yDavtVFRN2h3k8uf3GLHuhDMgEHg==

vanilla-router@^1.2.8:
  version "1.2.8"
  resolved "https://registry.npmjs.org/vanilla-router/-/vanilla-router-1.2.8.tgz"
  integrity sha512-jZYhHPTXVqsUr4nfSD776q2eWeKNphBgvh7ELyGgcgZPo2bjUgV4BdW0l0fHX+cNZHDpW8WabQ8ZdIHc73Cd7w==

vite@^5.0.0:
  version "5.2.7"
  resolved "https://registry.npmjs.org/vite/-/vite-5.2.7.tgz"
  integrity sha512-k14PWOKLI6pMaSzAuGtT+Cf0YmIx12z9YGon39onaJNy8DLBfBJrzg9FQEmkAM5lpHBZs9wksWAsyF/HkpEwJA==
  dependencies:
    esbuild "^0.20.1"
    postcss "^8.4.38"
    rollup "^4.13.0"
  optionalDependencies:
    fsevents "~2.3.3"

yarn@^1.22.22:
  version "1.22.22"
  resolved "https://registry.npmjs.org/yarn/-/yarn-1.22.22.tgz"
  integrity sha512-prL3kGtyG7o9Z9Sv8IPfBNrWTDmXB4Qbes8A9rEzt6wkJV8mUvoirjU0Mp3GGAU06Y0XQyA3/2/RQFVuK7MTfg==
